
Microsoft Visual Studio Solution File, Format Version 12.00
# Visual Studio Version 16
VisualStudioVersion = 16.0.31019.35
MinimumVisualStudioVersion = 10.0.40219.1
Project("{FAE04EC0-301F-11D3-BF4B-00C04F79EFBC}") = "Main", "Main\Main.csproj", "{DA8C793E-2806-46A3-A5C6-9FD244B8B0EA}"
EndProject
Project("{FAE04EC0-301F-11D3-BF4B-00C04F79EFBC}") = "DesignPattern", "DesignPattern\DesignPattern.csproj", "{D1010FE5-F304-468B-9848-19D1E40F5A79}"
EndProject
Project("{FAE04EC0-301F-11D3-BF4B-00C04F79EFBC}") = "Example", "Example\Example.csproj", "{66FC9C78-82D6-4FA0-955D-2C8F61453AFF}"
EndProject
Global
	GlobalSection(SolutionConfigurationPlatforms) = preSolution
		Debug|Any CPU = Debug|Any CPU
		Release|Any CPU = Release|Any CPU
	EndGlobalSection
	GlobalSection(ProjectConfigurationPlatforms) = postSolution
		{DA8C793E-2806-46A3-A5C6-9FD244B8B0EA}.Debug|Any CPU.ActiveCfg = Debug|Any CPU
		{DA8C793E-2806-46A3-A5C6-9FD244B8B0EA}.Debug|Any CPU.Build.0 = Debug|Any CPU
		{DA8C793E-2806-46A3-A5C6-9FD244B8B0EA}.Release|Any CPU.ActiveCfg = Release|Any CPU
		{DA8C793E-2806-46A3-A5C6-9FD244B8B0EA}.Release|Any CPU.Build.0 = Release|Any CPU
		{D1010FE5-F304-468B-9848-19D1E40F5A79}.Debug|Any CPU.ActiveCfg = Debug|Any CPU
		{D1010FE5-F304-468B-9848-19D1E40F5A79}.Debug|Any CPU.Build.0 = Debug|Any CPU
		{D1010FE5-F304-468B-9848-19D1E40F5A79}.Release|Any CPU.ActiveCfg = Release|Any CPU
		{D1010FE5-F304-468B-9848-19D1E40F5A79}.Release|Any CPU.Build.0 = Release|Any CPU
		{66FC9C78-82D6-4FA0-955D-2C8F61453AFF}.Debug|Any CPU.ActiveCfg = Debug|Any CPU
		{66FC9C78-82D6-4FA0-955D-2C8F61453AFF}.Debug|Any CPU.Build.0 = Debug|Any CPU
		{66FC9C78-82D6-4FA0-955D-2C8F61453AFF}.Release|Any CPU.ActiveCfg = Release|Any CPU
		{66FC9C78-82D6-4FA0-955D-2C8F61453AFF}.Release|Any CPU.Build.0 = Release|Any CPU
	EndGlobalSection
	GlobalSection(SolutionProperties) = preSolution
		HideSolutionNode = FALSE
	EndGlobalSection
	GlobalSection(ExtensibilityGlobals) = postSolution
		SolutionGuid = {48F92CA8-F270-4197-BA24-1E1BE0998570}
	EndGlobalSection
EndGlobal
